
Microsoft Visual Studio Solution File, Format Version 12.00
# Visual Studio Version 17
VisualStudioVersion = 17.8.34601.278
MinimumVisualStudioVersion = 10.0.40219.1
Project("{FAE04EC0-301F-11D3-BF4B-00C04F79EFBC}") = "XadrezConsole", "XadrezConsole\XadrezConsole.csproj", "{77072C0F-AE94-42D5-AC48-5D958E093EBC}"
EndProject
Global
	GlobalSection(SolutionConfigurationPlatforms) = preSolution
		Debug|Any CPU = Debug|Any CPU
		Release|Any CPU = Release|Any CPU
	EndGlobalSection
	GlobalSection(ProjectConfigurationPlatforms) = postSolution
		{77072C0F-AE94-42D5-AC48-5D958E093EBC}.Debug|Any CPU.ActiveCfg = Debug|Any CPU
		{77072C0F-AE94-42D5-AC48-5D958E093EBC}.Debug|Any CPU.Build.0 = Debug|Any CPU
		{77072C0F-AE94-42D5-AC48-5D958E093EBC}.Release|Any CPU.ActiveCfg = Release|Any CPU
		{77072C0F-AE94-42D5-AC48-5D958E093EBC}.Release|Any CPU.Build.0 = Release|Any CPU
	EndGlobalSection
	GlobalSection(SolutionProperties) = preSolution
		HideSolutionNode = FALSE
	EndGlobalSection
	GlobalSection(ExtensibilityGlobals) = postSolution
		SolutionGuid = {4068C9BD-A1C5-4C94-9FF5-91CB8BB30BA6}
	EndGlobalSection
EndGlobal
